// !$*UTF8*$!
{
	archiveVersion = 1;
	classes = {
	};
	objectVersion = 50;
	objects = {

/* Begin PBXBuildFile section */
		7899E2ED23696BDB0009E252 /* Advertister.swift in Sources */ = {isa = PBXBuildFile; fileRef = 7899E2EC23696BDB0009E252 /* Advertister.swift */; };
		7899E2EF2369DDA50009E252 /* RegistrationViewController.swift in Sources */ = {isa = PBXBuildFile; fileRef = 7899E2EE2369DDA50009E252 /* RegistrationViewController.swift */; };
		78A81BA82368078100ED22ED /* AppDelegate.swift in Sources */ = {isa = PBXBuildFile; fileRef = 78A81BA72368078100ED22ED /* AppDelegate.swift */; };
		78A81BAA2368078200ED22ED /* SceneDelegate.swift in Sources */ = {isa = PBXBuildFile; fileRef = 78A81BA92368078200ED22ED /* SceneDelegate.swift */; };
		78A81BAC2368078200ED22ED /* HomeControler.swift in Sources */ = {isa = PBXBuildFile; fileRef = 78A81BAB2368078200ED22ED /* HomeControler.swift */; };
		78A81BAF2368078200ED22ED /* Main.storyboard in Resources */ = {isa = PBXBuildFile; fileRef = 78A81BAD2368078200ED22ED /* Main.storyboard */; };
		78A81BB12368078400ED22ED /* Assets.xcassets in Resources */ = {isa = PBXBuildFile; fileRef = 78A81BB02368078400ED22ED /* Assets.xcassets */; };
		78A81BB42368078400ED22ED /* LaunchScreen.storyboard in Resources */ = {isa = PBXBuildFile; fileRef = 78A81BB22368078400ED22ED /* LaunchScreen.storyboard */; };
		78A81BBD23680A1600ED22ED /* Extensions+UIView.swift in Sources */ = {isa = PBXBuildFile; fileRef = 78A81BBC23680A1600ED22ED /* Extensions+UIView.swift */; };
		78A81BC023683BA800ED22ED /* HomeBottomControllsStackView.swift in Sources */ = {isa = PBXBuildFile; fileRef = 78A81BBF23683BA800ED22ED /* HomeBottomControllsStackView.swift */; };
		78A81BC223683E5900ED22ED /* TopNavigationStackView.swift in Sources */ = {isa = PBXBuildFile; fileRef = 78A81BC123683E5900ED22ED /* TopNavigationStackView.swift */; };
		78A81BC42368596B00ED22ED /* CardView.swift in Sources */ = {isa = PBXBuildFile; fileRef = 78A81BC32368596B00ED22ED /* CardView.swift */; };
		78A81BC72368C53200ED22ED /* User.swift in Sources */ = {isa = PBXBuildFile; fileRef = 78A81BC62368C53200ED22ED /* User.swift */; };
		78A81BCB2369668900ED22ED /* CardViewModel.swift in Sources */ = {isa = PBXBuildFile; fileRef = 78A81BCA2369668900ED22ED /* CardViewModel.swift */; };
/* End PBXBuildFile section */

/* Begin PBXFileReference section */
		7899E2EC23696BDB0009E252 /* Advertister.swift */ = {isa = PBXFileReference; lastKnownFileType = sourcecode.swift; path = Advertister.swift; sourceTree = "<group>"; };
		7899E2EE2369DDA50009E252 /* RegistrationViewController.swift */ = {isa = PBXFileReference; lastKnownFileType = sourcecode.swift; path = RegistrationViewController.swift; sourceTree = "<group>"; };
		78A81BA42368078100ED22ED /* Tinder.app */ = {isa = PBXFileReference; explicitFileType = wrapper.application; includeInIndex = 0; path = Tinder.app; sourceTree = BUILT_PRODUCTS_DIR; };
		78A81BA72368078100ED22ED /* AppDelegate.swift */ = {isa = PBXFileReference; lastKnownFileType = sourcecode.swift; path = AppDelegate.swift; sourceTree = "<group>"; };
		78A81BA92368078200ED22ED /* SceneDelegate.swift */ = {isa = PBXFileReference; lastKnownFileType = sourcecode.swift; path = SceneDelegate.swift; sourceTree = "<group>"; };
		78A81BAB2368078200ED22ED /* HomeControler.swift */ = {isa = PBXFileReference; lastKnownFileType = sourcecode.swift; name = HomeControler.swift; path = Controllers/HomeControler.swift; sourceTree = "<group>"; };
		78A81BAE2368078200ED22ED /* Base */ = {isa = PBXFileReference; lastKnownFileType = file.storyboard; name = Base; path = Base.lproj/Main.storyboard; sourceTree = "<group>"; };
		78A81BB02368078400ED22ED /* Assets.xcassets */ = {isa = PBXFileReference; lastKnownFileType = folder.assetcatalog; path = Assets.xcassets; sourceTree = "<group>"; };
		78A81BB32368078400ED22ED /* Base */ = {isa = PBXFileReference; lastKnownFileType = file.storyboard; name = Base; path = Base.lproj/LaunchScreen.storyboard; sourceTree = "<group>"; };
		78A81BB52368078400ED22ED /* Info.plist */ = {isa = PBXFileReference; lastKnownFileType = text.plist.xml; path = Info.plist; sourceTree = "<group>"; };
		78A81BBC23680A1600ED22ED /* Extensions+UIView.swift */ = {isa = PBXFileReference; fileEncoding = 4; lastKnownFileType = sourcecode.swift; path = "Extensions+UIView.swift"; sourceTree = "<group>"; };
		78A81BBF23683BA800ED22ED /* HomeBottomControllsStackView.swift */ = {isa = PBXFileReference; lastKnownFileType = sourcecode.swift; path = HomeBottomControllsStackView.swift; sourceTree = "<group>"; };
		78A81BC123683E5900ED22ED /* TopNavigationStackView.swift */ = {isa = PBXFileReference; lastKnownFileType = sourcecode.swift; path = TopNavigationStackView.swift; sourceTree = "<group>"; };
		78A81BC32368596B00ED22ED /* CardView.swift */ = {isa = PBXFileReference; lastKnownFileType = sourcecode.swift; path = CardView.swift; sourceTree = "<group>"; };
		78A81BC62368C53200ED22ED /* User.swift */ = {isa = PBXFileReference; lastKnownFileType = sourcecode.swift; path = User.swift; sourceTree = "<group>"; };
		78A81BCA2369668900ED22ED /* CardViewModel.swift */ = {isa = PBXFileReference; lastKnownFileType = sourcecode.swift; path = CardViewModel.swift; sourceTree = "<group>"; };
/* End PBXFileReference section */

/* Begin PBXFrameworksBuildPhase section */
		78A81BA12368078100ED22ED /* Frameworks */ = {
			isa = PBXFrameworksBuildPhase;
			buildActionMask = 2147483647;
			files = (
			);
			runOnlyForDeploymentPostprocessing = 0;
		};
/* End PBXFrameworksBuildPhase section */

/* Begin PBXGroup section */
		78A81B9B2368078100ED22ED = {
			isa = PBXGroup;
			children = (
				78A81BA62368078100ED22ED /* Tinder */,
				78A81BA52368078100ED22ED /* Products */,
			);
			sourceTree = "<group>";
		};
		78A81BA52368078100ED22ED /* Products */ = {
			isa = PBXGroup;
			children = (
				78A81BA42368078100ED22ED /* Tinder.app */,
			);
			name = Products;
			sourceTree = "<group>";
		};
		78A81BA62368078100ED22ED /* Tinder */ = {
			isa = PBXGroup;
			children = (
				78A81BAB2368078200ED22ED /* HomeControler.swift */,
				78A81BC92369667A00ED22ED /* ViewModels */,
				78A81BC52368C52300ED22ED /* Model */,
				78A81BBE23683B8200ED22ED /* Views */,
				78A81BBB236809F100ED22ED /* Extensions */,
				78A81BA72368078100ED22ED /* AppDelegate.swift */,
				78A81BA92368078200ED22ED /* SceneDelegate.swift */,
				78A81BAD2368078200ED22ED /* Main.storyboard */,
				78A81BB02368078400ED22ED /* Assets.xcassets */,
				78A81BB22368078400ED22ED /* LaunchScreen.storyboard */,
				78A81BB52368078400ED22ED /* Info.plist */,
				7899E2EE2369DDA50009E252 /* RegistrationViewController.swift */,
			);
			path = Tinder;
			sourceTree = "<group>";
		};
		78A81BBB236809F100ED22ED /* Extensions */ = {
			isa = PBXGroup;
			children = (
				78A81BBC23680A1600ED22ED /* Extensions+UIView.swift */,
			);
			path = Extensions;
			sourceTree = "<group>";
		};
		78A81BBE23683B8200ED22ED /* Views */ = {
			isa = PBXGroup;
			children = (
				78A81BBF23683BA800ED22ED /* HomeBottomControllsStackView.swift */,
				78A81BC123683E5900ED22ED /* TopNavigationStackView.swift */,
				78A81BC32368596B00ED22ED /* CardView.swift */,
			);
			path = Views;
			sourceTree = "<group>";
		};
		78A81BC52368C52300ED22ED /* Model */ = {
			isa = PBXGroup;
			children = (
				78A81BC62368C53200ED22ED /* User.swift */,
				7899E2EC23696BDB0009E252 /* Advertister.swift */,
			);
			path = Model;
			sourceTree = "<group>";
		};
		78A81BC92369667A00ED22ED /* ViewModels */ = {
			isa = PBXGroup;
			children = (
				78A81BCA2369668900ED22ED /* CardViewModel.swift */,
			);
			path = ViewModels;
			sourceTree = "<group>";
		};
/* End PBXGroup section */

/* Begin PBXNativeTarget section */
		78A81BA32368078100ED22ED /* Tinder */ = {
			isa = PBXNativeTarget;
			buildConfigurationList = 78A81BB82368078400ED22ED /* Build configuration list for PBXNativeTarget "Tinder" */;
			buildPhases = (
				78A81BA02368078100ED22ED /* Sources */,
				78A81BA12368078100ED22ED /* Frameworks */,
				78A81BA22368078100ED22ED /* Resources */,
			);
			buildRules = (
			);
			dependencies = (
			);
			name = Tinder;
			productName = Tinder;
			productReference = 78A81BA42368078100ED22ED /* Tinder.app */;
			productType = "com.apple.product-type.application";
		};
/* End PBXNativeTarget section */

/* Begin PBXProject section */
		78A81B9C2368078100ED22ED /* Project object */ = {
			isa = PBXProject;
			attributes = {
				LastSwiftUpdateCheck = 1110;
				LastUpgradeCheck = 1110;
				ORGANIZATIONNAME = "Adrian Kremski";
				TargetAttributes = {
					78A81BA32368078100ED22ED = {
						CreatedOnToolsVersion = 11.1;
					};
				};
			};
			buildConfigurationList = 78A81B9F2368078100ED22ED /* Build configuration list for PBXProject "Tinder" */;
			compatibilityVersion = "Xcode 9.3";
			developmentRegion = en;
			hasScannedForEncodings = 0;
			knownRegions = (
				en,
				Base,
			);
			mainGroup = 78A81B9B2368078100ED22ED;
			productRefGroup = 78A81BA52368078100ED22ED /* Products */;
			projectDirPath = "";
			projectRoot = "";
			targets = (
				78A81BA32368078100ED22ED /* Tinder */,
			);
		};
/* End PBXProject section */

/* Begin PBXResourcesBuildPhase section */
		78A81BA22368078100ED22ED /* Resources */ = {
			isa = PBXResourcesBuildPhase;
			buildActionMask = 2147483647;
			files = (
				78A81BB42368078400ED22ED /* LaunchScreen.storyboard in Resources */,
				78A81BB12368078400ED22ED /* Assets.xcassets in Resources */,
				78A81BAF2368078200ED22ED /* Main.storyboard in Resources */,
			);
			runOnlyForDeploymentPostprocessing = 0;
		};
/* End PBXResourcesBuildPhase section */

/* Begin PBXSourcesBuildPhase section */
		78A81BA02368078100ED22ED /* Sources */ = {
			isa = PBXSourcesBuildPhase;
			buildActionMask = 2147483647;
			files = (
				78A81BC42368596B00ED22ED /* CardView.swift in Sources */,
				78A81BC023683BA800ED22ED /* HomeBottomControllsStackView.swift in Sources */,
				78A81BAC2368078200ED22ED /* HomeControler.swift in Sources */,
				7899E2EF2369DDA50009E252 /* RegistrationViewController.swift in Sources */,
				78A81BA82368078100ED22ED /* AppDelegate.swift in Sources */,
				78A81BC72368C53200ED22ED /* User.swift in Sources */,
				7899E2ED23696BDB0009E252 /* Advertister.swift in Sources */,
				78A81BC223683E5900ED22ED /* TopNavigationStackView.swift in Sources */,
				78A81BBD23680A1600ED22ED /* Extensions+UIView.swift in Sources */,
				78A81BAA2368078200ED22ED /* SceneDelegate.swift in Sources */,
				78A81BCB2369668900ED22ED /* CardViewModel.swift in Sources */,
			);
			runOnlyForDeploymentPostprocessing = 0;
		};
/* End PBXSourcesBuildPhase section */

/* Begin PBXVariantGroup section */
		78A81BAD2368078200ED22ED /* Main.storyboard */ = {
			isa = PBXVariantGroup;
			children = (
				78A81BAE2368078200ED22ED /* Base */,
			);
			name = Main.storyboard;
			sourceTree = "<group>";
		};
		78A81BB22368078400ED22ED /* LaunchScreen.storyboard */ = {
			isa = PBXVariantGroup;
			children = (
				78A81BB32368078400ED22ED /* Base */,
			);
			name = LaunchScreen.storyboard;
			sourceTree = "<group>";
		};
/* End PBXVariantGroup section */

/* Begin XCBuildConfiguration section */
		78A81BB62368078400ED22ED /* Debug */ = {
			isa = XCBuildConfiguration;
			buildSettings = {
				ALWAYS_SEARCH_USER_PATHS = NO;
				CLANG_ANALYZER_NONNULL = YES;
				CLANG_ANALYZER_NUMBER_OBJECT_CONVERSION = YES_AGGRESSIVE;
				CLANG_CXX_LANGUAGE_STANDARD = "gnu++14";
				CLANG_CXX_LIBRARY = "libc++";
				CLANG_ENABLE_MODULES = YES;
				CLANG_ENABLE_OBJC_ARC = YES;
				CLANG_ENABLE_OBJC_WEAK = YES;
				CLANG_WARN_BLOCK_CAPTURE_AUTORELEASING = YES;
				CLANG_WARN_BOOL_CONVERSION = YES;
				CLANG_WARN_COMMA = YES;
				CLANG_WARN_CONSTANT_CONVERSION = YES;
				CLANG_WARN_DEPRECATED_OBJC_IMPLEMENTATIONS = YES;
				CLANG_WARN_DIRECT_OBJC_ISA_USAGE = YES_ERROR;
				CLANG_WARN_DOCUMENTATION_COMMENTS = YES;
				CLANG_WARN_EMPTY_BODY = YES;
				CLANG_WARN_ENUM_CONVERSION = YES;
				CLANG_WARN_INFINITE_RECURSION = YES;
				CLANG_WARN_INT_CONVERSION = YES;
				CLANG_WARN_NON_LITERAL_NULL_CONVERSION = YES;
				CLANG_WARN_OBJC_IMPLICIT_RETAIN_SELF = YES;
				CLANG_WARN_OBJC_LITERAL_CONVERSION = YES;
				CLANG_WARN_OBJC_ROOT_CLASS = YES_ERROR;
				CLANG_WARN_RANGE_LOOP_ANALYSIS = YES;
				CLANG_WARN_STRICT_PROTOTYPES = YES;
				CLANG_WARN_SUSPICIOUS_MOVE = YES;
				CLANG_WARN_UNGUARDED_AVAILABILITY = YES_AGGRESSIVE;
				CLANG_WARN_UNREACHABLE_CODE = YES;
				CLANG_WARN__DUPLICATE_METHOD_MATCH = YES;
				COPY_PHASE_STRIP = NO;
				DEBUG_INFORMATION_FORMAT = dwarf;
				ENABLE_STRICT_OBJC_MSGSEND = YES;
				ENABLE_TESTABILITY = YES;
				GCC_C_LANGUAGE_STANDARD = gnu11;
				GCC_DYNAMIC_NO_PIC = NO;
				GCC_NO_COMMON_BLOCKS = YES;
				GCC_OPTIMIZATION_LEVEL = 0;
				GCC_PREPROCESSOR_DEFINITIONS = (
					"DEBUG=1",
					"$(inherited)",
				);
				GCC_WARN_64_TO_32_BIT_CONVERSION = YES;
				GCC_WARN_ABOUT_RETURN_TYPE = YES_ERROR;
				GCC_WARN_UNDECLARED_SELECTOR = YES;
				GCC_WARN_UNINITIALIZED_AUTOS = YES_AGGRESSIVE;
				GCC_WARN_UNUSED_FUNCTION = YES;
				GCC_WARN_UNUSED_VARIABLE = YES;
				IPHONEOS_DEPLOYMENT_TARGET = 13.1;
				MTL_ENABLE_DEBUG_INFO = INCLUDE_SOURCE;
				MTL_FAST_MATH = YES;
				ONLY_ACTIVE_ARCH = YES;
				SDKROOT = iphoneos;
				SWIFT_ACTIVE_COMPILATION_CONDITIONS = DEBUG;
				SWIFT_OPTIMIZATION_LEVEL = "-Onone";
			};
			name = Debug;
		};
		78A81BB72368078400ED22ED /* Release */ = {
			isa = XCBuildConfiguration;
			buildSettings = {
				ALWAYS_SEARCH_USER_PATHS = NO;
				CLANG_ANALYZER_NONNULL = YES;
				CLANG_ANALYZER_NUMBER_OBJECT_CONVERSION = YES_AGGRESSIVE;
				CLANG_CXX_LANGUAGE_STANDARD = "gnu++14";
				CLANG_CXX_LIBRARY = "libc++";
				CLANG_ENABLE_MODULES = YES;
				CLANG_ENABLE_OBJC_ARC = YES;
				CLANG_ENABLE_OBJC_WEAK = YES;
				CLANG_WARN_BLOCK_CAPTURE_AUTORELEASING = YES;
				CLANG_WARN_BOOL_CONVERSION = YES;
				CLANG_WARN_COMMA = YES;
				CLANG_WARN_CONSTANT_CONVERSION = YES;
				CLANG_WARN_DEPRECATED_OBJC_IMPLEMENTATIONS = YES;
				CLANG_WARN_DIRECT_OBJC_ISA_USAGE = YES_ERROR;
				CLANG_WARN_DOCUMENTATION_COMMENTS = YES;
				CLANG_WARN_EMPTY_BODY = YES;
				CLANG_WARN_ENUM_CONVERSION = YES;
				CLANG_WARN_INFINITE_RECURSION = YES;
				CLANG_WARN_INT_CONVERSION = YES;
				CLANG_WARN_NON_LITERAL_NULL_CONVERSION = YES;
				CLANG_WARN_OBJC_IMPLICIT_RETAIN_SELF = YES;
				CLANG_WARN_OBJC_LITERAL_CONVERSION = YES;
				CLANG_WARN_OBJC_ROOT_CLASS = YES_ERROR;
				CLANG_WARN_RANGE_LOOP_ANALYSIS = YES;
				CLANG_WARN_STRICT_PROTOTYPES = YES;
				CLANG_WARN_SUSPICIOUS_MOVE = YES;
				CLANG_WARN_UNGUARDED_AVAILABILITY = YES_AGGRESSIVE;
				CLANG_WARN_UNREACHABLE_CODE = YES;
				CLANG_WARN__DUPLICATE_METHOD_MATCH = YES;
				COPY_PHASE_STRIP = NO;
				DEBUG_INFORMATION_FORMAT = "dwarf-with-dsym";
				ENABLE_NS_ASSERTIONS = NO;
				ENABLE_STRICT_OBJC_MSGSEND = YES;
				GCC_C_LANGUAGE_STANDARD = gnu11;
				GCC_NO_COMMON_BLOCKS = YES;
				GCC_WARN_64_TO_32_BIT_CONVERSION = YES;
				GCC_WARN_ABOUT_RETURN_TYPE = YES_ERROR;
				GCC_WARN_UNDECLARED_SELECTOR = YES;
				GCC_WARN_UNINITIALIZED_AUTOS = YES_AGGRESSIVE;
				GCC_WARN_UNUSED_FUNCTION = YES;
				GCC_WARN_UNUSED_VARIABLE = YES;
				IPHONEOS_DEPLOYMENT_TARGET = 13.1;
				MTL_ENABLE_DEBUG_INFO = NO;
				MTL_FAST_MATH = YES;
				SDKROOT = iphoneos;
				SWIFT_COMPILATION_MODE = wholemodule;
				SWIFT_OPTIMIZATION_LEVEL = "-O";
				VALIDATE_PRODUCT = YES;
			};
			name = Release;
		};
		78A81BB92368078400ED22ED /* Debug */ = {
			isa = XCBuildConfiguration;
			buildSettings = {
				ASSETCATALOG_COMPILER_APPICON_NAME = AppIcon;
				CODE_SIGN_STYLE = Automatic;
				INFOPLIST_FILE = Tinder/Info.plist;
				LD_RUNPATH_SEARCH_PATHS = (
					"$(inherited)",
					"@executable_path/Frameworks",
				);
				PRODUCT_BUNDLE_IDENTIFIER = com.github.snuffix.Tinder;
				PRODUCT_NAME = "$(TARGET_NAME)";
				SWIFT_VERSION = 5.0;
				TARGETED_DEVICE_FAMILY = "1,2";
			};
			name = Debug;
		};
		78A81BBA2368078400ED22ED /* Release */ = {
			isa = XCBuildConfiguration;
			buildSettings = {
				ASSETCATALOG_COMPILER_APPICON_NAME = AppIcon;
				CODE_SIGN_STYLE = Automatic;
				INFOPLIST_FILE = Tinder/Info.plist;
				LD_RUNPATH_SEARCH_PATHS = (
					"$(inherited)",
					"@executable_path/Frameworks",
				);
				PRODUCT_BUNDLE_IDENTIFIER = com.github.snuffix.Tinder;
				PRODUCT_NAME = "$(TARGET_NAME)";
				SWIFT_VERSION = 5.0;
				TARGETED_DEVICE_FAMILY = "1,2";
			};
			name = Release;
		};
/* End XCBuildConfiguration section */

/* Begin XCConfigurationList section */
		78A81B9F2368078100ED22ED /* Build configuration list for PBXProject "Tinder" */ = {
			isa = XCConfigurationList;
			buildConfigurations = (
				78A81BB62368078400ED22ED /* Debug */,
				78A81BB72368078400ED22ED /* Release */,
			);
			defaultConfigurationIsVisible = 0;
			defaultConfigurationName = Release;
		};
		78A81BB82368078400ED22ED /* Build configuration list for PBXNativeTarget "Tinder" */ = {
			isa = XCConfigurationList;
			buildConfigurations = (
				78A81BB92368078400ED22ED /* Debug */,
				78A81BBA2368078400ED22ED /* Release */,
			);
			defaultConfigurationIsVisible = 0;
			defaultConfigurationName = Release;
		};
/* End XCConfigurationList section */
	};
	rootObject = 78A81B9C2368078100ED22ED /* Project object */;
}
